{
  "object": {
    "pins": [
      {
        "package": "APIClient",
        "repositoryURL": "https://github.com/iOS-App-Development/APIClient.git",
        "state": {
          "branch": "master",
          "revision": "aa08313623f0a6c15489ec396163f112d3f72d3b",
          "version": null
        }
      },
      {
        "package": "MovieFeature",
        "repositoryURL": "https://github.com/iOS-App-Development/MovieFeature.git",
        "state": {
          "branch": "master",
          "revision": "dfb12419157c7d987a7a5b76230cfaaccb8a2d00",
          "version": null
        }
      },
      {
        "package": "SharedModule",
        "repositoryURL": "https://github.com/iOS-App-Development/SharedModule.git",
        "state": {
          "branch": "master",
          "revision": "505dca72ad916486e3e451794460fc02c93e55f1",
          "version": null
        }
      }
    ]
  },
  "version": 1
}
